<Solution>
  <Project Path="Caravelle/Caravelle.csproj" />
  <Project Path="Caravelle.Generator/Caravelle.Generator.csproj" />
  <Project Path="Caravelle.Tests/Caravelle.Tests.csproj" />
  <Folder Name="/Solution Items/">
    <File Path="directory.build.props" />
  </Folder>
  <Project Path="Caravelle.Generator.Tests/Caravelle.Generator.Tests.csproj" />
</Solution>
